
Microsoft Visual Studio Solution File, Format Version 12.00
# Visual Studio Version 16
VisualStudioVersion = 16.0.31205.134
MinimumVisualStudioVersion = 10.0.40219.1
Project("{2150E333-8FDC-42A3-9474-1A3956D46DE8}") = "Domain", "Domain", "{2AC54016-4C41-49B4-9293-4953080C5EB7}"
EndProject
Project("{2150E333-8FDC-42A3-9474-1A3956D46DE8}") = "Infra.IOC", "Infra.IOC", "{745F378F-A35B-4B3A-8FA0-997CC0D72EC7}"
EndProject
Project("{2150E333-8FDC-42A3-9474-1A3956D46DE8}") = "Ifra.Bus", "Ifra.Bus", "{CA3D5532-A234-4649-82BD-E5D8F949D949}"
EndProject
Project("{2150E333-8FDC-42A3-9474-1A3956D46DE8}") = "Microservices", "Microservices", "{C029C994-5D67-48CA-BFD6-B4245FA31CDE}"
EndProject
Project("{2150E333-8FDC-42A3-9474-1A3956D46DE8}") = "Presentation", "Presentation", "{3691F628-1D06-43ED-84B5-835AF658F807}"
EndProject
Project("{9A19103F-16F7-4668-BE54-9A1E7A4F7556}") = "MicroRabit.Domain.Core", "MicroRabit.Domain.Core\MicroRabit.Domain.Core.csproj", "{FEC36D4F-9774-438A-A5D2-5C015D26F268}"
EndProject
Project("{9A19103F-16F7-4668-BE54-9A1E7A4F7556}") = "MicroRabit.Infra.Bus", "MicroRabit.Infra.Bus\MicroRabit.Infra.Bus.csproj", "{08F07555-06FD-4992-AD49-DB3500FB42B5}"
EndProject
Project("{FAE04EC0-301F-11D3-BF4B-00C04F79EFBC}") = "MicroRabit.Infra.IoC", "MicroRabbit.Infra.IoC\MicroRabit.Infra.IoC.csproj", "{BCA672F7-986A-433A-8E93-06EB24FD20B5}"
EndProject
Project("{2150E333-8FDC-42A3-9474-1A3956D46DE8}") = "Banking", "Banking", "{686AEB32-4FC7-4137-924A-A77D53484E3B}"
EndProject
Project("{2150E333-8FDC-42A3-9474-1A3956D46DE8}") = "API", "API", "{A5D9B0E6-F508-4242-9144-3C38A268D948}"
EndProject
Project("{2150E333-8FDC-42A3-9474-1A3956D46DE8}") = "Application", "Application", "{F31F6E9D-1119-43AA-B492-03D3ABED96E9}"
EndProject
Project("{2150E333-8FDC-42A3-9474-1A3956D46DE8}") = "Domain", "Domain", "{C48E07D8-487C-4C13-AA75-05DD6D201555}"
EndProject
Project("{2150E333-8FDC-42A3-9474-1A3956D46DE8}") = "Data", "Data", "{A61CB0C6-5621-478D-AA0B-9E6A6FF8A85F}"
EndProject
Project("{FAE04EC0-301F-11D3-BF4B-00C04F79EFBC}") = "MicroRabit.Banking.API", "MicroRabit.Banking.API\MicroRabit.Banking.API.csproj", "{76B1248F-85EF-49EC-9FE8-40C30C60A7DF}"
EndProject
Project("{FAE04EC0-301F-11D3-BF4B-00C04F79EFBC}") = "MicroRabit.Banking.Applicatio", "MicroRabit.Banking.Applicatio\MicroRabit.Banking.Applicatio.csproj", "{680AEDB9-3144-46B5-BB7B-0752CF7E4EA4}"
EndProject
Project("{FAE04EC0-301F-11D3-BF4B-00C04F79EFBC}") = "MicroRabit.Banking.Data", "MicroRabit.Banking.Domain\MicroRabit.Banking.Data.csproj", "{D5194B68-491A-4587-B090-1AA2AB2C494B}"
EndProject
Project("{FAE04EC0-301F-11D3-BF4B-00C04F79EFBC}") = "MicroRabit.Banking.Domain", "MicroRabit.Banking.Domain\MicroRabit.Banking.Domain.csproj", "{CC8036B0-A8B2-40B3-A856-211552DDA935}"
EndProject
Global
	GlobalSection(SolutionConfigurationPlatforms) = preSolution
		Debug|Any CPU = Debug|Any CPU
		Release|Any CPU = Release|Any CPU
	EndGlobalSection
	GlobalSection(ProjectConfigurationPlatforms) = postSolution
		{FEC36D4F-9774-438A-A5D2-5C015D26F268}.Debug|Any CPU.ActiveCfg = Debug|Any CPU
		{FEC36D4F-9774-438A-A5D2-5C015D26F268}.Debug|Any CPU.Build.0 = Debug|Any CPU
		{FEC36D4F-9774-438A-A5D2-5C015D26F268}.Release|Any CPU.ActiveCfg = Release|Any CPU
		{FEC36D4F-9774-438A-A5D2-5C015D26F268}.Release|Any CPU.Build.0 = Release|Any CPU
		{08F07555-06FD-4992-AD49-DB3500FB42B5}.Debug|Any CPU.ActiveCfg = Debug|Any CPU
		{08F07555-06FD-4992-AD49-DB3500FB42B5}.Debug|Any CPU.Build.0 = Debug|Any CPU
		{08F07555-06FD-4992-AD49-DB3500FB42B5}.Release|Any CPU.ActiveCfg = Release|Any CPU
		{08F07555-06FD-4992-AD49-DB3500FB42B5}.Release|Any CPU.Build.0 = Release|Any CPU
		{BCA672F7-986A-433A-8E93-06EB24FD20B5}.Debug|Any CPU.ActiveCfg = Debug|Any CPU
		{BCA672F7-986A-433A-8E93-06EB24FD20B5}.Debug|Any CPU.Build.0 = Debug|Any CPU
		{BCA672F7-986A-433A-8E93-06EB24FD20B5}.Release|Any CPU.ActiveCfg = Release|Any CPU
		{BCA672F7-986A-433A-8E93-06EB24FD20B5}.Release|Any CPU.Build.0 = Release|Any CPU
		{76B1248F-85EF-49EC-9FE8-40C30C60A7DF}.Debug|Any CPU.ActiveCfg = Debug|Any CPU
		{76B1248F-85EF-49EC-9FE8-40C30C60A7DF}.Debug|Any CPU.Build.0 = Debug|Any CPU
		{76B1248F-85EF-49EC-9FE8-40C30C60A7DF}.Release|Any CPU.ActiveCfg = Release|Any CPU
		{76B1248F-85EF-49EC-9FE8-40C30C60A7DF}.Release|Any CPU.Build.0 = Release|Any CPU
		{680AEDB9-3144-46B5-BB7B-0752CF7E4EA4}.Debug|Any CPU.ActiveCfg = Debug|Any CPU
		{680AEDB9-3144-46B5-BB7B-0752CF7E4EA4}.Debug|Any CPU.Build.0 = Debug|Any CPU
		{680AEDB9-3144-46B5-BB7B-0752CF7E4EA4}.Release|Any CPU.ActiveCfg = Release|Any CPU
		{680AEDB9-3144-46B5-BB7B-0752CF7E4EA4}.Release|Any CPU.Build.0 = Release|Any CPU
		{D5194B68-491A-4587-B090-1AA2AB2C494B}.Debug|Any CPU.ActiveCfg = Debug|Any CPU
		{D5194B68-491A-4587-B090-1AA2AB2C494B}.Debug|Any CPU.Build.0 = Debug|Any CPU
		{D5194B68-491A-4587-B090-1AA2AB2C494B}.Release|Any CPU.ActiveCfg = Release|Any CPU
		{D5194B68-491A-4587-B090-1AA2AB2C494B}.Release|Any CPU.Build.0 = Release|Any CPU
		{CC8036B0-A8B2-40B3-A856-211552DDA935}.Debug|Any CPU.ActiveCfg = Debug|Any CPU
		{CC8036B0-A8B2-40B3-A856-211552DDA935}.Debug|Any CPU.Build.0 = Debug|Any CPU
		{CC8036B0-A8B2-40B3-A856-211552DDA935}.Release|Any CPU.ActiveCfg = Release|Any CPU
		{CC8036B0-A8B2-40B3-A856-211552DDA935}.Release|Any CPU.Build.0 = Release|Any CPU
	EndGlobalSection
	GlobalSection(SolutionProperties) = preSolution
		HideSolutionNode = FALSE
	EndGlobalSection
	GlobalSection(NestedProjects) = preSolution
		{FEC36D4F-9774-438A-A5D2-5C015D26F268} = {2AC54016-4C41-49B4-9293-4953080C5EB7}
		{08F07555-06FD-4992-AD49-DB3500FB42B5} = {CA3D5532-A234-4649-82BD-E5D8F949D949}
		{BCA672F7-986A-433A-8E93-06EB24FD20B5} = {745F378F-A35B-4B3A-8FA0-997CC0D72EC7}
		{686AEB32-4FC7-4137-924A-A77D53484E3B} = {C029C994-5D67-48CA-BFD6-B4245FA31CDE}
		{A5D9B0E6-F508-4242-9144-3C38A268D948} = {686AEB32-4FC7-4137-924A-A77D53484E3B}
		{F31F6E9D-1119-43AA-B492-03D3ABED96E9} = {686AEB32-4FC7-4137-924A-A77D53484E3B}
		{C48E07D8-487C-4C13-AA75-05DD6D201555} = {686AEB32-4FC7-4137-924A-A77D53484E3B}
		{A61CB0C6-5621-478D-AA0B-9E6A6FF8A85F} = {686AEB32-4FC7-4137-924A-A77D53484E3B}
		{76B1248F-85EF-49EC-9FE8-40C30C60A7DF} = {A5D9B0E6-F508-4242-9144-3C38A268D948}
		{680AEDB9-3144-46B5-BB7B-0752CF7E4EA4} = {F31F6E9D-1119-43AA-B492-03D3ABED96E9}
		{D5194B68-491A-4587-B090-1AA2AB2C494B} = {A61CB0C6-5621-478D-AA0B-9E6A6FF8A85F}
		{CC8036B0-A8B2-40B3-A856-211552DDA935} = {C48E07D8-487C-4C13-AA75-05DD6D201555}
	EndGlobalSection
	GlobalSection(ExtensibilityGlobals) = postSolution
		SolutionGuid = {7819FECB-236B-4941-939F-D06389375293}
	EndGlobalSection
EndGlobal
